dependencies:
  espressif/cmake_utilities:
    component_hash: 05165f30922b422b4b90c08845e6d449329b97370fbd06309803d8cb539d79e3
    dependencies:
    - name: idf
      require: private
      version: '>=4.1'
    source:
      registry_url: https://components.espressif.com/
      type: service
    version: 1.1.1
  idf:
    source:
      type: idf
    version: 5.2.5
direct_dependencies:
- espressif/cmake_utilities
- idf
manifest_hash: 524015cde99fc7c0ab99ebde76871ee641bd5493e04d7825c2a631508bd75f62
target: esp32s3
version: 2.0.0
